
Microsoft Visual Studio Solution File, Format Version 12.00
# Visual Studio 15
VisualStudioVersion = 15.0.27130.2027
MinimumVisualStudioVersion = 10.0.40219.1
Project("{FAE04EC0-301F-11D3-BF4B-00C04F79EFBC}") = "ludo_console", "ludo_console\ludo_console.csproj", "{523188A4-0705-4334-83E7-74241F0D885C}"
EndProject
Global
	GlobalSection(SolutionConfigurationPlatforms) = preSolution
		Debug|Any CPU = Debug|Any CPU
		Release|Any CPU = Release|Any CPU
	EndGlobalSection
	GlobalSection(ProjectConfigurationPlatforms) = postSolution
		{523188A4-0705-4334-83E7-74241F0D885C}.Debug|Any CPU.ActiveCfg = Debug|Any CPU
		{523188A4-0705-4334-83E7-74241F0D885C}.Debug|Any CPU.Build.0 = Debug|Any CPU
		{523188A4-0705-4334-83E7-74241F0D885C}.Release|Any CPU.ActiveCfg = Release|Any CPU
		{523188A4-0705-4334-83E7-74241F0D885C}.Release|Any CPU.Build.0 = Release|Any CPU
	EndGlobalSection
	GlobalSection(SolutionProperties) = preSolution
		HideSolutionNode = FALSE
	EndGlobalSection
	GlobalSection(ExtensibilityGlobals) = postSolution
		SolutionGuid = {146FF1F5-DBA4-416F-956F-9CD241AED152}
	EndGlobalSection
EndGlobal
